
Microsoft Visual Studio Solution File, Format Version 12.00
# Visual Studio 15
VisualStudioVersion = 15.0.27130.2027
MinimumVisualStudioVersion = 10.0.40219.1
Project("{FAE04EC0-301F-11D3-BF4B-00C04F79EFBC}") = "Saml2.Authentication.Core", "Source\Saml2.Authentication.Core\Saml2.Authentication.Core.csproj", "{8B0B6867-16A5-4437-817B-30F5DD2EA8DF}"
EndProject
Project("{FAE04EC0-301F-11D3-BF4B-00C04F79EFBC}") = "DemoWebApp", "Source\DemoWebApp\DemoWebApp.csproj", "{D2D3F8B8-6C79-4372-84C8-6AC2FB8C5F86}"
EndProject
Global
	GlobalSection(SolutionConfigurationPlatforms) = preSolution
		Debug|Any CPU = Debug|Any CPU
		Release|Any CPU = Release|Any CPU
	EndGlobalSection
	GlobalSection(ProjectConfigurationPlatforms) = postSolution
		{8B0B6867-16A5-4437-817B-30F5DD2EA8DF}.Debug|Any CPU.ActiveCfg = Debug|Any CPU
		{8B0B6867-16A5-4437-817B-30F5DD2EA8DF}.Debug|Any CPU.Build.0 = Debug|Any CPU
		{8B0B6867-16A5-4437-817B-30F5DD2EA8DF}.Release|Any CPU.ActiveCfg = Release|Any CPU
		{8B0B6867-16A5-4437-817B-30F5DD2EA8DF}.Release|Any CPU.Build.0 = Release|Any CPU
		{D2D3F8B8-6C79-4372-84C8-6AC2FB8C5F86}.Debug|Any CPU.ActiveCfg = Debug|Any CPU
		{D2D3F8B8-6C79-4372-84C8-6AC2FB8C5F86}.Debug|Any CPU.Build.0 = Debug|Any CPU
		{D2D3F8B8-6C79-4372-84C8-6AC2FB8C5F86}.Release|Any CPU.ActiveCfg = Release|Any CPU
		{D2D3F8B8-6C79-4372-84C8-6AC2FB8C5F86}.Release|Any CPU.Build.0 = Release|Any CPU
	EndGlobalSection
	GlobalSection(SolutionProperties) = preSolution
		HideSolutionNode = FALSE
	EndGlobalSection
	GlobalSection(ExtensibilityGlobals) = postSolution
		SolutionGuid = {869B5F70-73B9-44E2-AFE5-07F7CBB51866}
	EndGlobalSection
EndGlobal
